
Microsoft Visual Studio Solution File, Format Version 12.00
# Visual Studio 15
VisualStudioVersion = 15.0.28307.136
MinimumVisualStudioVersion = 10.0.40219.1
Project("{FAE04EC0-301F-11D3-BF4B-00C04F79EFBC}") = "ExcelProcessor", "ExcelProcessor\ExcelProcessor.csproj", "{CA7D0E3F-41A2-4094-A9E4-912B7730DFA1}"
EndProject
Global
	GlobalSection(SolutionConfigurationPlatforms) = preSolution
		Debug|Any CPU = Debug|Any CPU
		Release|Any CPU = Release|Any CPU
	EndGlobalSection
	GlobalSection(ProjectConfigurationPlatforms) = postSolution
		{CA7D0E3F-41A2-4094-A9E4-912B7730DFA1}.Debug|Any CPU.ActiveCfg = Debug|Any CPU
		{CA7D0E3F-41A2-4094-A9E4-912B7730DFA1}.Debug|Any CPU.Build.0 = Debug|Any CPU
		{CA7D0E3F-41A2-4094-A9E4-912B7730DFA1}.Release|Any CPU.ActiveCfg = Release|Any CPU
		{CA7D0E3F-41A2-4094-A9E4-912B7730DFA1}.Release|Any CPU.Build.0 = Release|Any CPU
	EndGlobalSection
	GlobalSection(SolutionProperties) = preSolution
		HideSolutionNode = FALSE
	EndGlobalSection
	GlobalSection(ExtensibilityGlobals) = postSolution
		SolutionGuid = {A8BEF2D4-3D67-4616-8A2E-BD6DCE60DE52}
	EndGlobalSection
EndGlobal
